
Microsoft Visual Studio Solution File, Format Version 12.00
# Visual Studio Version 16
VisualStudioVersion = 16.0.31624.102
MinimumVisualStudioVersion = 10.0.40219.1
Project("{8BC9CEB8-8B4A-11D0-8D11-00A0C91BC942}") = "Дискретка №3 (4)", "Дискретка №3 (4).vcxproj", "{FC40F4A3-70E5-4D84-B384-085C11D8484F}"
EndProject
Global
	GlobalSection(SolutionConfigurationPlatforms) = preSolution
		Debug|x64 = Debug|x64
		Debug|x86 = Debug|x86
		Release|x64 = Release|x64
		Release|x86 = Release|x86
	EndGlobalSection
	GlobalSection(ProjectConfigurationPlatforms) = postSolution
		{FC40F4A3-70E5-4D84-B384-085C11D8484F}.Debug|x64.ActiveCfg = Debug|x64
		{FC40F4A3-70E5-4D84-B384-085C11D8484F}.Debug|x64.Build.0 = Debug|x64
		{FC40F4A3-70E5-4D84-B384-085C11D8484F}.Debug|x86.ActiveCfg = Debug|Win32
		{FC40F4A3-70E5-4D84-B384-085C11D8484F}.Debug|x86.Build.0 = Debug|Win32
		{FC40F4A3-70E5-4D84-B384-085C11D8484F}.Release|x64.ActiveCfg = Release|x64
		{FC40F4A3-70E5-4D84-B384-085C11D8484F}.Release|x64.Build.0 = Release|x64
		{FC40F4A3-70E5-4D84-B384-085C11D8484F}.Release|x86.ActiveCfg = Release|Win32
		{FC40F4A3-70E5-4D84-B384-085C11D8484F}.Release|x86.Build.0 = Release|Win32
	EndGlobalSection
	GlobalSection(SolutionProperties) = preSolution
		HideSolutionNode = FALSE
	EndGlobalSection
	GlobalSection(ExtensibilityGlobals) = postSolution
		SolutionGuid = {8F83D8E1-2464-467D-9929-BAEAD33AB22C}
	EndGlobalSection
EndGlobal
